
Microsoft Visual Studio Solution File, Format Version 12.00
# Visual Studio Version 17
VisualStudioVersion = 17.11.35312.102
MinimumVisualStudioVersion = 10.0.40219.1
Project("{2150E333-8FDC-42A3-9474-1A3956D46DE8}") = "src", "src", "{EC6C1E17-C19E-4ED3-963C-DE3EBB87AADF}"
EndProject
Project("{2150E333-8FDC-42A3-9474-1A3956D46DE8}") = "API", "API", "{954EFBB6-D022-4410-AC6B-2DB5EC28339A}"
EndProject
Project("{2150E333-8FDC-42A3-9474-1A3956D46DE8}") = "BE", "BE", "{C750EABA-1286-4BDB-A5B7-F5FC82382C5B}"
EndProject
Project("{2150E333-8FDC-42A3-9474-1A3956D46DE8}") = "BL", "BL", "{9A76F89F-13D1-4920-A897-383D1C62271E}"
EndProject
Project("{2150E333-8FDC-42A3-9474-1A3956D46DE8}") = "DAL", "DAL", "{33682009-DD4E-472A-9A32-A52F4C1229B5}"
EndProject
Project("{9A19103F-16F7-4668-BE54-9A1E7A4F7556}") = "Chubb.Prueba.Api", "src\Chubb.Prueba.Api\Chubb.Prueba.Api.csproj", "{8F58C856-A612-4197-BEC9-19F49EA5ADF8}"
EndProject
Project("{9A19103F-16F7-4668-BE54-9A1E7A4F7556}") = "Chubb.Prueba.Entities", "src\Chubb.Prueba.Domain\Chubb.Prueba.Entities.csproj", "{800A9558-5416-4255-B4FC-9C48B538530D}"
EndProject
Project("{9A19103F-16F7-4668-BE54-9A1E7A4F7556}") = "Chubb.Prueba.DTOs", "src\Chubb.Prueba.Application\Chubb.Prueba.DTOs.csproj", "{CDABF3D0-115D-4873-950B-52B75833CAEB}"
EndProject
Project("{9A19103F-16F7-4668-BE54-9A1E7A4F7556}") = "Chubb.Prueba.BL", "src\Chubb.Prueba.External\Chubb.Prueba.BL.csproj", "{388CD1B8-AE9D-4744-AA5D-6A34E7A402A3}"
EndProject
Project("{9A19103F-16F7-4668-BE54-9A1E7A4F7556}") = "Chubb.Prueba.DAL", "src\Chubb.Prueba.Common\Chubb.Prueba.DAL.csproj", "{0102DA55-63E3-4E1B-B822-C6EFF3F07259}"
EndProject
Project("{9A19103F-16F7-4668-BE54-9A1E7A4F7556}") = "Chubb.Prueba.Const", "src\Chubb.Prueba.Const\Chubb.Prueba.Const.csproj", "{A120EFBF-0D33-48AF-8CDE-F4B6ED2B2268}"
EndProject
Global
	GlobalSection(SolutionConfigurationPlatforms) = preSolution
		Debug|Any CPU = Debug|Any CPU
		Release|Any CPU = Release|Any CPU
	EndGlobalSection
	GlobalSection(ProjectConfigurationPlatforms) = postSolution
		{8F58C856-A612-4197-BEC9-19F49EA5ADF8}.Debug|Any CPU.ActiveCfg = Debug|Any CPU
		{8F58C856-A612-4197-BEC9-19F49EA5ADF8}.Debug|Any CPU.Build.0 = Debug|Any CPU
		{8F58C856-A612-4197-BEC9-19F49EA5ADF8}.Release|Any CPU.ActiveCfg = Release|Any CPU
		{8F58C856-A612-4197-BEC9-19F49EA5ADF8}.Release|Any CPU.Build.0 = Release|Any CPU
		{800A9558-5416-4255-B4FC-9C48B538530D}.Debug|Any CPU.ActiveCfg = Debug|Any CPU
		{800A9558-5416-4255-B4FC-9C48B538530D}.Debug|Any CPU.Build.0 = Debug|Any CPU
		{800A9558-5416-4255-B4FC-9C48B538530D}.Release|Any CPU.ActiveCfg = Release|Any CPU
		{800A9558-5416-4255-B4FC-9C48B538530D}.Release|Any CPU.Build.0 = Release|Any CPU
		{CDABF3D0-115D-4873-950B-52B75833CAEB}.Debug|Any CPU.ActiveCfg = Debug|Any CPU
		{CDABF3D0-115D-4873-950B-52B75833CAEB}.Debug|Any CPU.Build.0 = Debug|Any CPU
		{CDABF3D0-115D-4873-950B-52B75833CAEB}.Release|Any CPU.ActiveCfg = Release|Any CPU
		{CDABF3D0-115D-4873-950B-52B75833CAEB}.Release|Any CPU.Build.0 = Release|Any CPU
		{388CD1B8-AE9D-4744-AA5D-6A34E7A402A3}.Debug|Any CPU.ActiveCfg = Debug|Any CPU
		{388CD1B8-AE9D-4744-AA5D-6A34E7A402A3}.Debug|Any CPU.Build.0 = Debug|Any CPU
		{388CD1B8-AE9D-4744-AA5D-6A34E7A402A3}.Release|Any CPU.ActiveCfg = Release|Any CPU
		{388CD1B8-AE9D-4744-AA5D-6A34E7A402A3}.Release|Any CPU.Build.0 = Release|Any CPU
		{0102DA55-63E3-4E1B-B822-C6EFF3F07259}.Debug|Any CPU.ActiveCfg = Debug|Any CPU
		{0102DA55-63E3-4E1B-B822-C6EFF3F07259}.Debug|Any CPU.Build.0 = Debug|Any CPU
		{0102DA55-63E3-4E1B-B822-C6EFF3F07259}.Release|Any CPU.ActiveCfg = Release|Any CPU
		{0102DA55-63E3-4E1B-B822-C6EFF3F07259}.Release|Any CPU.Build.0 = Release|Any CPU
		{A120EFBF-0D33-48AF-8CDE-F4B6ED2B2268}.Debug|Any CPU.ActiveCfg = Debug|Any CPU
		{A120EFBF-0D33-48AF-8CDE-F4B6ED2B2268}.Debug|Any CPU.Build.0 = Debug|Any CPU
		{A120EFBF-0D33-48AF-8CDE-F4B6ED2B2268}.Release|Any CPU.ActiveCfg = Release|Any CPU
		{A120EFBF-0D33-48AF-8CDE-F4B6ED2B2268}.Release|Any CPU.Build.0 = Release|Any CPU
	EndGlobalSection
	GlobalSection(SolutionProperties) = preSolution
		HideSolutionNode = FALSE
	EndGlobalSection
	GlobalSection(NestedProjects) = preSolution
		{954EFBB6-D022-4410-AC6B-2DB5EC28339A} = {EC6C1E17-C19E-4ED3-963C-DE3EBB87AADF}
		{C750EABA-1286-4BDB-A5B7-F5FC82382C5B} = {EC6C1E17-C19E-4ED3-963C-DE3EBB87AADF}
		{9A76F89F-13D1-4920-A897-383D1C62271E} = {EC6C1E17-C19E-4ED3-963C-DE3EBB87AADF}
		{33682009-DD4E-472A-9A32-A52F4C1229B5} = {EC6C1E17-C19E-4ED3-963C-DE3EBB87AADF}
		{8F58C856-A612-4197-BEC9-19F49EA5ADF8} = {954EFBB6-D022-4410-AC6B-2DB5EC28339A}
		{800A9558-5416-4255-B4FC-9C48B538530D} = {C750EABA-1286-4BDB-A5B7-F5FC82382C5B}
		{CDABF3D0-115D-4873-950B-52B75833CAEB} = {C750EABA-1286-4BDB-A5B7-F5FC82382C5B}
		{388CD1B8-AE9D-4744-AA5D-6A34E7A402A3} = {9A76F89F-13D1-4920-A897-383D1C62271E}
		{0102DA55-63E3-4E1B-B822-C6EFF3F07259} = {33682009-DD4E-472A-9A32-A52F4C1229B5}
		{A120EFBF-0D33-48AF-8CDE-F4B6ED2B2268} = {C750EABA-1286-4BDB-A5B7-F5FC82382C5B}
	EndGlobalSection
	GlobalSection(ExtensibilityGlobals) = postSolution
		SolutionGuid = {377AD96C-F2FB-44AD-9AA1-D28E17D51ADE}
	EndGlobalSection
EndGlobal
